
Microsoft Visual Studio Solution File, Format Version 12.00
# Visual Studio Version 17
VisualStudioVersion = 17.10.35027.167
MinimumVisualStudioVersion = 10.0.40219.1
Project("{FAE04EC0-301F-11D3-BF4B-00C04F79EFBC}") = "Simulator", "Simulator\Simulator.csproj", "{9209057D-3B1E-479B-8A08-9EB6E1B751B5}"
EndProject
Global
	GlobalSection(SolutionConfigurationPlatforms) = preSolution
		Debug|Any CPU = Debug|Any CPU
		Release|Any CPU = Release|Any CPU
	EndGlobalSection
	GlobalSection(ProjectConfigurationPlatforms) = postSolution
		{9209057D-3B1E-479B-8A08-9EB6E1B751B5}.Debug|Any CPU.ActiveCfg = Debug|Any CPU
		{9209057D-3B1E-479B-8A08-9EB6E1B751B5}.Debug|Any CPU.Build.0 = Debug|Any CPU
		{9209057D-3B1E-479B-8A08-9EB6E1B751B5}.Release|Any CPU.ActiveCfg = Release|Any CPU
		{9209057D-3B1E-479B-8A08-9EB6E1B751B5}.Release|Any CPU.Build.0 = Release|Any CPU
	EndGlobalSection
	GlobalSection(SolutionProperties) = preSolution
		HideSolutionNode = FALSE
	EndGlobalSection
	GlobalSection(ExtensibilityGlobals) = postSolution
		SolutionGuid = {B361D5FC-B984-4579-B9B6-0766288038A2}
	EndGlobalSection
EndGlobal
