
Microsoft Visual Studio Solution File, Format Version 12.00
# Visual Studio Version 17
VisualStudioVersion = 17.7.34221.43
MinimumVisualStudioVersion = 10.0.40219.1
Project("{FAE04EC0-301F-11D3-BF4B-00C04F79EFBC}") = "ATM PIN Validation", "ATM PIN Validation\ATM PIN Validation.csproj", "{4055622F-6D56-4812-A7A0-ABEED8354528}"
EndProject
Global
	GlobalSection(SolutionConfigurationPlatforms) = preSolution
		Debug|Any CPU = Debug|Any CPU
		Release|Any CPU = Release|Any CPU
	EndGlobalSection
	GlobalSection(ProjectConfigurationPlatforms) = postSolution
		{4055622F-6D56-4812-A7A0-ABEED8354528}.Debug|Any CPU.ActiveCfg = Debug|Any CPU
		{4055622F-6D56-4812-A7A0-ABEED8354528}.Debug|Any CPU.Build.0 = Debug|Any CPU
		{4055622F-6D56-4812-A7A0-ABEED8354528}.Release|Any CPU.ActiveCfg = Release|Any CPU
		{4055622F-6D56-4812-A7A0-ABEED8354528}.Release|Any CPU.Build.0 = Release|Any CPU
	EndGlobalSection
	GlobalSection(SolutionProperties) = preSolution
		HideSolutionNode = FALSE
	EndGlobalSection
	GlobalSection(ExtensibilityGlobals) = postSolution
		SolutionGuid = {C2F75E7E-ABAD-4E4B-B2AD-500BA5261B6D}
	EndGlobalSection
EndGlobal
