
Microsoft Visual Studio Solution File, Format Version 12.00
# Visual Studio Version 17
VisualStudioVersion = 17.10.35027.167
MinimumVisualStudioVersion = 10.0.40219.1
Project("{FAE04EC0-301F-11D3-BF4B-00C04F79EFBC}") = "FileIO", "FileIO\FileIO.csproj", "{235D9B6B-10C5-414E-9944-942C51D5F16B}"
EndProject
Global
	GlobalSection(SolutionConfigurationPlatforms) = preSolution
		Debug|Any CPU = Debug|Any CPU
		Release|Any CPU = Release|Any CPU
	EndGlobalSection
	GlobalSection(ProjectConfigurationPlatforms) = postSolution
		{235D9B6B-10C5-414E-9944-942C51D5F16B}.Debug|Any CPU.ActiveCfg = Debug|Any CPU
		{235D9B6B-10C5-414E-9944-942C51D5F16B}.Debug|Any CPU.Build.0 = Debug|Any CPU
		{235D9B6B-10C5-414E-9944-942C51D5F16B}.Release|Any CPU.ActiveCfg = Release|Any CPU
		{235D9B6B-10C5-414E-9944-942C51D5F16B}.Release|Any CPU.Build.0 = Release|Any CPU
	EndGlobalSection
	GlobalSection(SolutionProperties) = preSolution
		HideSolutionNode = FALSE
	EndGlobalSection
	GlobalSection(ExtensibilityGlobals) = postSolution
		SolutionGuid = {4F468F6D-212D-46A2-A443-04922696FCE1}
	EndGlobalSection
EndGlobal
