
Microsoft Visual Studio Solution File, Format Version 12.00
# Visual Studio Version 17
VisualStudioVersion = 17.10.35027.167
MinimumVisualStudioVersion = 10.0.40219.1
Project("{FAE04EC0-301F-11D3-BF4B-00C04F79EFBC}") = "Longest Substring", "Longest Substring\Longest Substring.csproj", "{58E3A8E7-2039-42EB-A582-A9A54DECD737}"
EndProject
Global
	GlobalSection(SolutionConfigurationPlatforms) = preSolution
		Debug|Any CPU = Debug|Any CPU
		Release|Any CPU = Release|Any CPU
	EndGlobalSection
	GlobalSection(ProjectConfigurationPlatforms) = postSolution
		{58E3A8E7-2039-42EB-A582-A9A54DECD737}.Debug|Any CPU.ActiveCfg = Debug|Any CPU
		{58E3A8E7-2039-42EB-A582-A9A54DECD737}.Debug|Any CPU.Build.0 = Debug|Any CPU
		{58E3A8E7-2039-42EB-A582-A9A54DECD737}.Release|Any CPU.ActiveCfg = Release|Any CPU
		{58E3A8E7-2039-42EB-A582-A9A54DECD737}.Release|Any CPU.Build.0 = Release|Any CPU
	EndGlobalSection
	GlobalSection(SolutionProperties) = preSolution
		HideSolutionNode = FALSE
	EndGlobalSection
	GlobalSection(ExtensibilityGlobals) = postSolution
		SolutionGuid = {952BE858-42D8-425E-AC16-9B410AE47885}
	EndGlobalSection
EndGlobal
